
Microsoft Visual Studio Solution File, Format Version 12.00
# Visual Studio Version 16
VisualStudioVersion = 16.0.28803.352
MinimumVisualStudioVersion = 10.0.40219.1
Project("{888888A0-9F3D-457C-B088-3A5042F75D52}") = "lab02", "lab02\lab02.pyproj", "{E3DD6220-ECFF-4BFE-B025-58D241D7CFA0}"
EndProject
Global
	GlobalSection(SolutionConfigurationPlatforms) = preSolution
		Debug|Any CPU = Debug|Any CPU
		Release|Any CPU = Release|Any CPU
	EndGlobalSection
	GlobalSection(ProjectConfigurationPlatforms) = postSolution
		{E3DD6220-ECFF-4BFE-B025-58D241D7CFA0}.Debug|Any CPU.ActiveCfg = Debug|Any CPU
		{E3DD6220-ECFF-4BFE-B025-58D241D7CFA0}.Release|Any CPU.ActiveCfg = Release|Any CPU
	EndGlobalSection
	GlobalSection(SolutionProperties) = preSolution
		HideSolutionNode = FALSE
	EndGlobalSection
	GlobalSection(ExtensibilityGlobals) = postSolution
		SolutionGuid = {A3A030F6-78E4-490E-B87B-416005B34FD4}
	EndGlobalSection
EndGlobal
